
Microsoft Visual Studio Solution File, Format Version 12.00
# Visual Studio Version 16
VisualStudioVersion = 16.0.31005.135
MinimumVisualStudioVersion = 10.0.40219.1
Project("{FAE04EC0-301F-11D3-BF4B-00C04F79EFBC}") = "EquipamentoPOO.ConsoleApp", "EquipamentoPOO.ConsoleApp\EquipamentoPOO.ConsoleApp.csproj", "{9705E90E-C565-45D6-B151-EF3BE795E0EB}"
EndProject
Global
	GlobalSection(SolutionConfigurationPlatforms) = preSolution
		Debug|Any CPU = Debug|Any CPU
		Release|Any CPU = Release|Any CPU
	EndGlobalSection
	GlobalSection(ProjectConfigurationPlatforms) = postSolution
		{9705E90E-C565-45D6-B151-EF3BE795E0EB}.Debug|Any CPU.ActiveCfg = Debug|Any CPU
		{9705E90E-C565-45D6-B151-EF3BE795E0EB}.Debug|Any CPU.Build.0 = Debug|Any CPU
		{9705E90E-C565-45D6-B151-EF3BE795E0EB}.Release|Any CPU.ActiveCfg = Release|Any CPU
		{9705E90E-C565-45D6-B151-EF3BE795E0EB}.Release|Any CPU.Build.0 = Release|Any CPU
	EndGlobalSection
	GlobalSection(SolutionProperties) = preSolution
		HideSolutionNode = FALSE
	EndGlobalSection
	GlobalSection(ExtensibilityGlobals) = postSolution
		SolutionGuid = {8329AE66-25F2-4111-8B52-5311104EFB5C}
	EndGlobalSection
EndGlobal
